
Microsoft Visual Studio Solution File, Format Version 12.00
# Visual Studio Version 17
VisualStudioVersion = 17.8.34525.116
MinimumVisualStudioVersion = 10.0.40219.1
Project("{8BC9CEB8-8B4A-11D0-8D11-00A0C91BC942}") = "TarjanLW2", "TarjanLW2\TarjanLW2.vcxproj", "{E661FCD0-1A0E-4C1A-9FE0-B2B6FAA86765}"
EndProject
Project("{8BC9CEB8-8B4A-11D0-8D11-00A0C91BC942}") = "TarjanLW2_tests", "TarjanLW2_tests\TarjanLW2_tests.vcxproj", "{8F5FD2DC-9DCB-490C-9442-F0AE317616B4}"
EndProject
Global
	GlobalSection(SolutionConfigurationPlatforms) = preSolution
		Debug|x64 = Debug|x64
		Debug|x86 = Debug|x86
		Release|x64 = Release|x64
		Release|x86 = Release|x86
	EndGlobalSection
	GlobalSection(ProjectConfigurationPlatforms) = postSolution
		{E661FCD0-1A0E-4C1A-9FE0-B2B6FAA86765}.Debug|x64.ActiveCfg = Debug|x64
		{E661FCD0-1A0E-4C1A-9FE0-B2B6FAA86765}.Debug|x64.Build.0 = Debug|x64
		{E661FCD0-1A0E-4C1A-9FE0-B2B6FAA86765}.Debug|x86.ActiveCfg = Debug|Win32
		{E661FCD0-1A0E-4C1A-9FE0-B2B6FAA86765}.Debug|x86.Build.0 = Debug|Win32
		{E661FCD0-1A0E-4C1A-9FE0-B2B6FAA86765}.Release|x64.ActiveCfg = Release|x64
		{E661FCD0-1A0E-4C1A-9FE0-B2B6FAA86765}.Release|x64.Build.0 = Release|x64
		{E661FCD0-1A0E-4C1A-9FE0-B2B6FAA86765}.Release|x86.ActiveCfg = Release|Win32
		{E661FCD0-1A0E-4C1A-9FE0-B2B6FAA86765}.Release|x86.Build.0 = Release|Win32
		{8F5FD2DC-9DCB-490C-9442-F0AE317616B4}.Debug|x64.ActiveCfg = Debug|x64
		{8F5FD2DC-9DCB-490C-9442-F0AE317616B4}.Debug|x64.Build.0 = Debug|x64
		{8F5FD2DC-9DCB-490C-9442-F0AE317616B4}.Debug|x86.ActiveCfg = Debug|Win32
		{8F5FD2DC-9DCB-490C-9442-F0AE317616B4}.Debug|x86.Build.0 = Debug|Win32
		{8F5FD2DC-9DCB-490C-9442-F0AE317616B4}.Release|x64.ActiveCfg = Release|x64
		{8F5FD2DC-9DCB-490C-9442-F0AE317616B4}.Release|x64.Build.0 = Release|x64
		{8F5FD2DC-9DCB-490C-9442-F0AE317616B4}.Release|x86.ActiveCfg = Release|Win32
		{8F5FD2DC-9DCB-490C-9442-F0AE317616B4}.Release|x86.Build.0 = Release|Win32
	EndGlobalSection
	GlobalSection(SolutionProperties) = preSolution
		HideSolutionNode = FALSE
	EndGlobalSection
	GlobalSection(ExtensibilityGlobals) = postSolution
		SolutionGuid = {261DD654-957C-4957-AD5E-9F8A553C64C4}
	EndGlobalSection
EndGlobal
